
Microsoft Visual Studio Solution File, Format Version 12.00
# Visual Studio Version 17
VisualStudioVersion = 17.14.36518.9 d17.14
MinimumVisualStudioVersion = 10.0.40219.1
Project("{FAE04EC0-301F-11D3-BF4B-00C04F79EFBC}") = "SchoolHRAdministration", "SchoolHRAdministration.csproj", "{3FA143AD-A151-4684-8B06-85716F64D254}"
EndProject
Project("{FAE04EC0-301F-11D3-BF4B-00C04F79EFBC}") = "HRAdministrationAPI", "..\HRAdministrationAPI\HRAdministrationAPI.csproj", "{90E126A8-1C0A-42A6-BD4D-136DF281C71E}"
EndProject
Global
	GlobalSection(SolutionConfigurationPlatforms) = preSolution
		Debug|Any CPU = Debug|Any CPU
		Release|Any CPU = Release|Any CPU
	EndGlobalSection
	GlobalSection(ProjectConfigurationPlatforms) = postSolution
		{3FA143AD-A151-4684-8B06-85716F64D254}.Debug|Any CPU.ActiveCfg = Debug|Any CPU
		{3FA143AD-A151-4684-8B06-85716F64D254}.Debug|Any CPU.Build.0 = Debug|Any CPU
		{3FA143AD-A151-4684-8B06-85716F64D254}.Release|Any CPU.ActiveCfg = Release|Any CPU
		{3FA143AD-A151-4684-8B06-85716F64D254}.Release|Any CPU.Build.0 = Release|Any CPU
		{90E126A8-1C0A-42A6-BD4D-136DF281C71E}.Debug|Any CPU.ActiveCfg = Debug|Any CPU
		{90E126A8-1C0A-42A6-BD4D-136DF281C71E}.Debug|Any CPU.Build.0 = Debug|Any CPU
		{90E126A8-1C0A-42A6-BD4D-136DF281C71E}.Release|Any CPU.ActiveCfg = Release|Any CPU
		{90E126A8-1C0A-42A6-BD4D-136DF281C71E}.Release|Any CPU.Build.0 = Release|Any CPU
	EndGlobalSection
	GlobalSection(SolutionProperties) = preSolution
		HideSolutionNode = FALSE
	EndGlobalSection
	GlobalSection(ExtensibilityGlobals) = postSolution
		SolutionGuid = {9CC4087C-33EB-457D-AE1C-E6B058423653}
	EndGlobalSection
EndGlobal
